// !$*UTF8*$!
{
	archiveVersion = 1;
	classes = {
	};
	objectVersion = 50;
	objects = {

/* Begin PBXBuildFile section */
		5D30A95D25BEB081003FB47D /* Profile.swift in Sources */ = {isa = PBXBuildFile; fileRef = 5D30A95C25BEB081003FB47D /* Profile.swift */; };
		5D3868D725B7BB70003EA41F /* Day1App.swift in Sources */ = {isa = PBXBuildFile; fileRef = 5D3868D625B7BB70003EA41F /* Day1App.swift */; };
		5D3868D925B7BB70003EA41F /* ContentView.swift in Sources */ = {isa = PBXBuildFile; fileRef = 5D3868D825B7BB70003EA41F /* ContentView.swift */; };
		5D3868DB25B7BB71003EA41F /* Assets.xcassets in Resources */ = {isa = PBXBuildFile; fileRef = 5D3868DA25B7BB71003EA41F /* Assets.xcassets */; };
		5D3868DE25B7BB71003EA41F /* Preview Assets.xcassets in Resources */ = {isa = PBXBuildFile; fileRef = 5D3868DD25B7BB71003EA41F /* Preview Assets.xcassets */; };
		5D3868E725B7BD01003EA41F /* MapView.swift in Sources */ = {isa = PBXBuildFile; fileRef = 5D3868E625B7BD01003EA41F /* MapView.swift */; };
		5D3868EA25B7BFA2003EA41F /* CircleImage.swift in Sources */ = {isa = PBXBuildFile; fileRef = 5D3868E925B7BFA2003EA41F /* CircleImage.swift */; };
		5D3868ED25B7C539003EA41F /* Lankmark.swift in Sources */ = {isa = PBXBuildFile; fileRef = 5D3868EC25B7C539003EA41F /* Lankmark.swift */; };
		5D3868F025B7C70A003EA41F /* landmarkData.json in Resources */ = {isa = PBXBuildFile; fileRef = 5D3868EF25B7C70A003EA41F /* landmarkData.json */; };
		5D3868F325B7C9B2003EA41F /* ModelData.swift in Sources */ = {isa = PBXBuildFile; fileRef = 5D3868F225B7C9B2003EA41F /* ModelData.swift */; };
		5D3868FE25B7CEDB003EA41F /* LandmarkRow.swift in Sources */ = {isa = PBXBuildFile; fileRef = 5D3868FD25B7CEDB003EA41F /* LandmarkRow.swift */; };
		5D38690325B7D3A8003EA41F /* LandmarkList.swift in Sources */ = {isa = PBXBuildFile; fileRef = 5D38690225B7D3A8003EA41F /* LandmarkList.swift */; };
		5D38690625B7D682003EA41F /* LandmarkDetail.swift in Sources */ = {isa = PBXBuildFile; fileRef = 5D38690525B7D682003EA41F /* LandmarkDetail.swift */; };
		5D48160725B9593900DD8571 /* FavoritesButton.swift in Sources */ = {isa = PBXBuildFile; fileRef = 5D48160625B9593900DD8571 /* FavoritesButton.swift */; };
		5D48160C25B962AF00DD8571 /* HexagonParameters.swift in Sources */ = {isa = PBXBuildFile; fileRef = 5D48160B25B962AF00DD8571 /* HexagonParameters.swift */; };
		5D48160F25B969AC00DD8571 /* BadgeBackground.swift in Sources */ = {isa = PBXBuildFile; fileRef = 5D48160E25B969AC00DD8571 /* BadgeBackground.swift */; };
		5D48161325B976F300DD8571 /* BadgeSymbol.swift in Sources */ = {isa = PBXBuildFile; fileRef = 5D48161225B976F300DD8571 /* BadgeSymbol.swift */; };
		5D48161625B9772C00DD8571 /* RotatedBadgeSymbol.swift in Sources */ = {isa = PBXBuildFile; fileRef = 5D48161525B9772C00DD8571 /* RotatedBadgeSymbol.swift */; };
		5D48161925B9779200DD8571 /* Badge.swift in Sources */ = {isa = PBXBuildFile; fileRef = 5D48161825B9779200DD8571 /* Badge.swift */; };
		5DA6857C25BFA63100AF5CD8 /* ProfileHost.swift in Sources */ = {isa = PBXBuildFile; fileRef = 5DA6857B25BFA63100AF5CD8 /* ProfileHost.swift */; };
		5DA6857F25BFA7EA00AF5CD8 /* ProfileSummary.swift in Sources */ = {isa = PBXBuildFile; fileRef = 5DA6857E25BFA7EA00AF5CD8 /* ProfileSummary.swift */; };
		5DA6858225BFAA3D00AF5CD8 /* HikeBadge.swift in Sources */ = {isa = PBXBuildFile; fileRef = 5DA6858125BFAA3D00AF5CD8 /* HikeBadge.swift */; };
		5DA6858725BFB8AB00AF5CD8 /* ProfileEditor.swift in Sources */ = {isa = PBXBuildFile; fileRef = 5DA6858625BFB8AB00AF5CD8 /* ProfileEditor.swift */; };
		5DA6858B25BFCBC800AF5CD8 /* PageViewController.swift in Sources */ = {isa = PBXBuildFile; fileRef = 5DA6858A25BFCBC800AF5CD8 /* PageViewController.swift */; };
		5DA6858F25BFD27400AF5CD8 /* FeatureCard.swift in Sources */ = {isa = PBXBuildFile; fileRef = 5DA6858E25BFD27400AF5CD8 /* FeatureCard.swift */; };
		5DA6859225BFD84200AF5CD8 /* PageView.swift in Sources */ = {isa = PBXBuildFile; fileRef = 5DA6859125BFD84200AF5CD8 /* PageView.swift */; };
		5DA6859525C0065300AF5CD8 /* PageControl.swift in Sources */ = {isa = PBXBuildFile; fileRef = 5DA6859425C0065300AF5CD8 /* PageControl.swift */; };
		5DBD522825BA63450034F02B /* Hike.swift in Sources */ = {isa = PBXBuildFile; fileRef = 5DBD522725BA63450034F02B /* Hike.swift */; };
		5DBD522F25BA678A0034F02B /* GraphCapsule.swift in Sources */ = {isa = PBXBuildFile; fileRef = 5DBD522B25BA678A0034F02B /* GraphCapsule.swift */; };
		5DBD523025BA678A0034F02B /* HikeGraph.swift in Sources */ = {isa = PBXBuildFile; fileRef = 5DBD522C25BA678A0034F02B /* HikeGraph.swift */; };
		5DBD523125BA678A0034F02B /* HikeDetail.swift in Sources */ = {isa = PBXBuildFile; fileRef = 5DBD522D25BA678A0034F02B /* HikeDetail.swift */; };
		5DBD523225BA678A0034F02B /* HikeView.swift in Sources */ = {isa = PBXBuildFile; fileRef = 5DBD522E25BA678A0034F02B /* HikeView.swift */; };
		5DBD523625BA6C100034F02B /* hikeData.json in Resources */ = {isa = PBXBuildFile; fileRef = 5DBD523525BA6C100034F02B /* hikeData.json */; };
		5DBD525425BAC02C0034F02B /* CategoryHome.swift in Sources */ = {isa = PBXBuildFile; fileRef = 5DBD525325BAC02C0034F02B /* CategoryHome.swift */; };
		5DBD525725BAD7AE0034F02B /* CategoryRow.swift in Sources */ = {isa = PBXBuildFile; fileRef = 5DBD525625BAD7AE0034F02B /* CategoryRow.swift */; };
		5DBD525A25BADD7B0034F02B /* CategoryItem.swift in Sources */ = {isa = PBXBuildFile; fileRef = 5DBD525925BADD7B0034F02B /* CategoryItem.swift */; };
/* End PBXBuildFile section */

/* Begin PBXFileReference section */
		5D30A95C25BEB081003FB47D /* Profile.swift */ = {isa = PBXFileReference; lastKnownFileType = sourcecode.swift; path = Profile.swift; sourceTree = "<group>"; };
		5D3868D325B7BB70003EA41F /* Day1.app */ = {isa = PBXFileReference; explicitFileType = wrapper.application; includeInIndex = 0; path = Day1.app; sourceTree = BUILT_PRODUCTS_DIR; };
		5D3868D625B7BB70003EA41F /* Day1App.swift */ = {isa = PBXFileReference; lastKnownFileType = sourcecode.swift; path = Day1App.swift; sourceTree = "<group>"; };
		5D3868D825B7BB70003EA41F /* ContentView.swift */ = {isa = PBXFileReference; lastKnownFileType = sourcecode.swift; path = ContentView.swift; sourceTree = "<group>"; };
		5D3868DA25B7BB71003EA41F /* Assets.xcassets */ = {isa = PBXFileReference; lastKnownFileType = folder.assetcatalog; path = Assets.xcassets; sourceTree = "<group>"; };
		5D3868DD25B7BB71003EA41F /* Preview Assets.xcassets */ = {isa = PBXFileReference; lastKnownFileType = folder.assetcatalog; path = "Preview Assets.xcassets"; sourceTree = "<group>"; };
		5D3868DF25B7BB71003EA41F /* Info.plist */ = {isa = PBXFileReference; lastKnownFileType = text.plist.xml; path = Info.plist; sourceTree = "<group>"; };
		5D3868E625B7BD01003EA41F /* MapView.swift */ = {isa = PBXFileReference; lastKnownFileType = sourcecode.swift; path = MapView.swift; sourceTree = "<group>"; };
		5D3868E925B7BFA2003EA41F /* CircleImage.swift */ = {isa = PBXFileReference; lastKnownFileType = sourcecode.swift; path = CircleImage.swift; sourceTree = "<group>"; };
		5D3868EC25B7C539003EA41F /* Lankmark.swift */ = {isa = PBXFileReference; lastKnownFileType = sourcecode.swift; path = Lankmark.swift; sourceTree = "<group>"; };
		5D3868EF25B7C70A003EA41F /* landmarkData.json */ = {isa = PBXFileReference; fileEncoding = 4; lastKnownFileType = text.json; path = landmarkData.json; sourceTree = "<group>"; };
		5D3868F225B7C9B2003EA41F /* ModelData.swift */ = {isa = PBXFileReference; lastKnownFileType = sourcecode.swift; path = ModelData.swift; sourceTree = "<group>"; };
		5D3868FD25B7CEDB003EA41F /* LandmarkRow.swift */ = {isa = PBXFileReference; lastKnownFileType = sourcecode.swift; path = LandmarkRow.swift; sourceTree = "<group>"; };
		5D38690225B7D3A8003EA41F /* LandmarkList.swift */ = {isa = PBXFileReference; lastKnownFileType = sourcecode.swift; path = LandmarkList.swift; sourceTree = "<group>"; };
		5D38690525B7D682003EA41F /* LandmarkDetail.swift */ = {isa = PBXFileReference; lastKnownFileType = sourcecode.swift; path = LandmarkDetail.swift; sourceTree = "<group>"; };
		5D48160625B9593900DD8571 /* FavoritesButton.swift */ = {isa = PBXFileReference; lastKnownFileType = sourcecode.swift; path = FavoritesButton.swift; sourceTree = "<group>"; };
		5D48160B25B962AF00DD8571 /* HexagonParameters.swift */ = {isa = PBXFileReference; lastKnownFileType = sourcecode.swift; path = HexagonParameters.swift; sourceTree = "<group>"; };
		5D48160E25B969AC00DD8571 /* BadgeBackground.swift */ = {isa = PBXFileReference; lastKnownFileType = sourcecode.swift; path = BadgeBackground.swift; sourceTree = "<group>"; };
		5D48161225B976F300DD8571 /* BadgeSymbol.swift */ = {isa = PBXFileReference; lastKnownFileType = sourcecode.swift; path = BadgeSymbol.swift; sourceTree = "<group>"; };
		5D48161525B9772C00DD8571 /* RotatedBadgeSymbol.swift */ = {isa = PBXFileReference; lastKnownFileType = sourcecode.swift; path = RotatedBadgeSymbol.swift; sourceTree = "<group>"; };
		5D48161825B9779200DD8571 /* Badge.swift */ = {isa = PBXFileReference; lastKnownFileType = sourcecode.swift; path = Badge.swift; sourceTree = "<group>"; };
		5DA6857B25BFA63100AF5CD8 /* ProfileHost.swift */ = {isa = PBXFileReference; lastKnownFileType = sourcecode.swift; path = ProfileHost.swift; sourceTree = "<group>"; };
		5DA6857E25BFA7EA00AF5CD8 /* ProfileSummary.swift */ = {isa = PBXFileReference; lastKnownFileType = sourcecode.swift; path = ProfileSummary.swift; sourceTree = "<group>"; };
		5DA6858125BFAA3D00AF5CD8 /* HikeBadge.swift */ = {isa = PBXFileReference; lastKnownFileType = sourcecode.swift; path = HikeBadge.swift; sourceTree = "<group>"; };
		5DA6858625BFB8AB00AF5CD8 /* ProfileEditor.swift */ = {isa = PBXFileReference; lastKnownFileType = sourcecode.swift; path = ProfileEditor.swift; sourceTree = "<group>"; };
		5DA6858A25BFCBC800AF5CD8 /* PageViewController.swift */ = {isa = PBXFileReference; lastKnownFileType = sourcecode.swift; path = PageViewController.swift; sourceTree = "<group>"; };
		5DA6858E25BFD27400AF5CD8 /* FeatureCard.swift */ = {isa = PBXFileReference; lastKnownFileType = sourcecode.swift; path = FeatureCard.swift; sourceTree = "<group>"; };
		5DA6859125BFD84200AF5CD8 /* PageView.swift */ = {isa = PBXFileReference; lastKnownFileType = sourcecode.swift; path = PageView.swift; sourceTree = "<group>"; };
		5DA6859425C0065300AF5CD8 /* PageControl.swift */ = {isa = PBXFileReference; lastKnownFileType = sourcecode.swift; path = PageControl.swift; sourceTree = "<group>"; };
		5DBD522725BA63450034F02B /* Hike.swift */ = {isa = PBXFileReference; lastKnownFileType = sourcecode.swift; path = Hike.swift; sourceTree = "<group>"; };
		5DBD522B25BA678A0034F02B /* GraphCapsule.swift */ = {isa = PBXFileReference; fileEncoding = 4; lastKnownFileType = sourcecode.swift; path = GraphCapsule.swift; sourceTree = "<group>"; };
		5DBD522C25BA678A0034F02B /* HikeGraph.swift */ = {isa = PBXFileReference; fileEncoding = 4; lastKnownFileType = sourcecode.swift; path = HikeGraph.swift; sourceTree = "<group>"; };
		5DBD522D25BA678A0034F02B /* HikeDetail.swift */ = {isa = PBXFileReference; fileEncoding = 4; lastKnownFileType = sourcecode.swift; path = HikeDetail.swift; sourceTree = "<group>"; };
		5DBD522E25BA678A0034F02B /* HikeView.swift */ = {isa = PBXFileReference; fileEncoding = 4; lastKnownFileType = sourcecode.swift; path = HikeView.swift; sourceTree = "<group>"; };
		5DBD523525BA6C100034F02B /* hikeData.json */ = {isa = PBXFileReference; fileEncoding = 4; lastKnownFileType = text.json; path = hikeData.json; sourceTree = "<group>"; };
		5DBD525325BAC02C0034F02B /* CategoryHome.swift */ = {isa = PBXFileReference; lastKnownFileType = sourcecode.swift; path = CategoryHome.swift; sourceTree = "<group>"; };
		5DBD525625BAD7AE0034F02B /* CategoryRow.swift */ = {isa = PBXFileReference; lastKnownFileType = sourcecode.swift; path = CategoryRow.swift; sourceTree = "<group>"; };
		5DBD525925BADD7B0034F02B /* CategoryItem.swift */ = {isa = PBXFileReference; lastKnownFileType = sourcecode.swift; path = CategoryItem.swift; sourceTree = "<group>"; };
/* End PBXFileReference section */

/* Begin PBXFrameworksBuildPhase section */
		5D3868D025B7BB70003EA41F /* Frameworks */ = {
			isa = PBXFrameworksBuildPhase;
			buildActionMask = 2147483647;
			files = (
			);
			runOnlyForDeploymentPostprocessing = 0;
		};
/* End PBXFrameworksBuildPhase section */

/* Begin PBXGroup section */
		5D3868CA25B7BB70003EA41F = {
			isa = PBXGroup;
			children = (
				5D3868D525B7BB70003EA41F /* Day1 */,
				5D3868D425B7BB70003EA41F /* Products */,
			);
			sourceTree = "<group>";
		};
		5D3868D425B7BB70003EA41F /* Products */ = {
			isa = PBXGroup;
			children = (
				5D3868D325B7BB70003EA41F /* Day1.app */,
			);
			name = Products;
			sourceTree = "<group>";
		};
		5D3868D525B7BB70003EA41F /* Day1 */ = {
			isa = PBXGroup;
			children = (
				5D3868F525B7CC55003EA41F /* View */,
				5D3868F625B7CC5E003EA41F /* Model */,
				5D3868F725B7CC64003EA41F /* Resources */,
				5D3868D625B7BB70003EA41F /* Day1App.swift */,
				5D3868DA25B7BB71003EA41F /* Assets.xcassets */,
				5D3868DF25B7BB71003EA41F /* Info.plist */,
				5D3868DC25B7BB71003EA41F /* Preview Content */,
			);
			path = Day1;
			sourceTree = "<group>";
		};
		5D3868DC25B7BB71003EA41F /* Preview Content */ = {
			isa = PBXGroup;
			children = (
				5D3868DD25B7BB71003EA41F /* Preview Assets.xcassets */,
			);
			path = "Preview Content";
			sourceTree = "<group>";
		};
		5D3868F525B7CC55003EA41F /* View */ = {
			isa = PBXGroup;
			children = (
				5D3868D825B7BB70003EA41F /* ContentView.swift */,
				5DA6858525BFB89400AF5CD8 /* Profile */,
				5DA6858425BFB88000AF5CD8 /* Category */,
				5DBD522A25BA678A0034F02B /* Hikes */,
				5D48161B25B977D100DD8571 /* Badge */,
				5DA6858925BFCBA200AF5CD8 /* Landmark */,
				5D48160925B95A6D00DD8571 /* Helper */,
				5DA6858A25BFCBC800AF5CD8 /* PageViewController.swift */,
				5DA6858E25BFD27400AF5CD8 /* FeatureCard.swift */,
				5DA6859125BFD84200AF5CD8 /* PageView.swift */,
				5DA6859425C0065300AF5CD8 /* PageControl.swift */,
			);
			path = View;
			sourceTree = "<group>";
		};
		5D3868F625B7CC5E003EA41F /* Model */ = {
			isa = PBXGroup;
			children = (
				5D3868F225B7C9B2003EA41F /* ModelData.swift */,
				5D30A95C25BEB081003FB47D /* Profile.swift */,
				5D3868EC25B7C539003EA41F /* Lankmark.swift */,
				5DBD522725BA63450034F02B /* Hike.swift */,
			);
			path = Model;
			sourceTree = "<group>";
		};
		5D3868F725B7CC64003EA41F /* Resources */ = {
			isa = PBXGroup;
			children = (
				5D3868EF25B7C70A003EA41F /* landmarkData.json */,
				5DBD523525BA6C100034F02B /* hikeData.json */,
			);
			path = Resources;
			sourceTree = "<group>";
		};
		5D48160925B95A6D00DD8571 /* Helper */ = {
			isa = PBXGroup;
			children = (
				5D48160B25B962AF00DD8571 /* HexagonParameters.swift */,
				5D3868E625B7BD01003EA41F /* MapView.swift */,
				5D48160625B9593900DD8571 /* FavoritesButton.swift */,
				5D3868E925B7BFA2003EA41F /* CircleImage.swift */,
			);
			path = Helper;
			sourceTree = "<group>";
		};
		5D48161B25B977D100DD8571 /* Badge */ = {
			isa = PBXGroup;
			children = (
				5D48161825B9779200DD8571 /* Badge.swift */,
				5D48161225B976F300DD8571 /* BadgeSymbol.swift */,
				5D48161525B9772C00DD8571 /* RotatedBadgeSymbol.swift */,
				5D48160E25B969AC00DD8571 /* BadgeBackground.swift */,
				5DA6858125BFAA3D00AF5CD8 /* HikeBadge.swift */,
			);
			path = Badge;
			sourceTree = "<group>";
		};
		5DA6858425BFB88000AF5CD8 /* Category */ = {
			isa = PBXGroup;
			children = (
				5DBD525325BAC02C0034F02B /* CategoryHome.swift */,
				5DBD525625BAD7AE0034F02B /* CategoryRow.swift */,
				5DBD525925BADD7B0034F02B /* CategoryItem.swift */,
			);
			path = Category;
			sourceTree = "<group>";
		};
		5DA6858525BFB89400AF5CD8 /* Profile */ = {
			isa = PBXGroup;
			children = (
				5DA6857E25BFA7EA00AF5CD8 /* ProfileSummary.swift */,
				5DA6857B25BFA63100AF5CD8 /* ProfileHost.swift */,
				5DA6858625BFB8AB00AF5CD8 /* ProfileEditor.swift */,
			);
			path = Profile;
			sourceTree = "<group>";
		};
		5DA6858925BFCBA200AF5CD8 /* Landmark */ = {
			isa = PBXGroup;
			children = (
				5D38690525B7D682003EA41F /* LandmarkDetail.swift */,
				5D3868FD25B7CEDB003EA41F /* LandmarkRow.swift */,
				5D38690225B7D3A8003EA41F /* LandmarkList.swift */,
			);
			path = Landmark;
			sourceTree = "<group>";
		};
		5DBD522A25BA678A0034F02B /* Hikes */ = {
			isa = PBXGroup;
			children = (
				5DBD522B25BA678A0034F02B /* GraphCapsule.swift */,
				5DBD522C25BA678A0034F02B /* HikeGraph.swift */,
				5DBD522D25BA678A0034F02B /* HikeDetail.swift */,
				5DBD522E25BA678A0034F02B /* HikeView.swift */,
			);
			path = Hikes;
			sourceTree = "<group>";
		};
/* End PBXGroup section */

/* Begin PBXNativeTarget section */
		5D3868D225B7BB70003EA41F /* Day1 */ = {
			isa = PBXNativeTarget;
			buildConfigurationList = 5D3868E225B7BB71003EA41F /* Build configuration list for PBXNativeTarget "Day1" */;
			buildPhases = (
				5D3868CF25B7BB70003EA41F /* Sources */,
				5D3868D025B7BB70003EA41F /* Frameworks */,
				5D3868D125B7BB70003EA41F /* Resources */,
			);
			buildRules = (
			);
			dependencies = (
			);
			name = Day1;
			productName = Day1;
			productReference = 5D3868D325B7BB70003EA41F /* Day1.app */;
			productType = "com.apple.product-type.application";
		};
/* End PBXNativeTarget section */

/* Begin PBXProject section */
		5D3868CB25B7BB70003EA41F /* Project object */ = {
			isa = PBXProject;
			attributes = {
				LastSwiftUpdateCheck = 1220;
				LastUpgradeCheck = 1220;
				TargetAttributes = {
					5D3868D225B7BB70003EA41F = {
						CreatedOnToolsVersion = 12.2;
					};
				};
			};
			buildConfigurationList = 5D3868CE25B7BB70003EA41F /* Build configuration list for PBXProject "Day1" */;
			compatibilityVersion = "Xcode 9.3";
			developmentRegion = en;
			hasScannedForEncodings = 0;
			knownRegions = (
				en,
				Base,
			);
			mainGroup = 5D3868CA25B7BB70003EA41F;
			productRefGroup = 5D3868D425B7BB70003EA41F /* Products */;
			projectDirPath = "";
			projectRoot = "";
			targets = (
				5D3868D225B7BB70003EA41F /* Day1 */,
			);
		};
/* End PBXProject section */

/* Begin PBXResourcesBuildPhase section */
		5D3868D125B7BB70003EA41F /* Resources */ = {
			isa = PBXResourcesBuildPhase;
			buildActionMask = 2147483647;
			files = (
				5DBD523625BA6C100034F02B /* hikeData.json in Resources */,
				5D3868DE25B7BB71003EA41F /* Preview Assets.xcassets in Resources */,
				5D3868DB25B7BB71003EA41F /* Assets.xcassets in Resources */,
				5D3868F025B7C70A003EA41F /* landmarkData.json in Resources */,
			);
			runOnlyForDeploymentPostprocessing = 0;
		};
/* End PBXResourcesBuildPhase section */

/* Begin PBXSourcesBuildPhase section */
		5D3868CF25B7BB70003EA41F /* Sources */ = {
			isa = PBXSourcesBuildPhase;
			buildActionMask = 2147483647;
			files = (
				5DBD525725BAD7AE0034F02B /* CategoryRow.swift in Sources */,
				5D30A95D25BEB081003FB47D /* Profile.swift in Sources */,
				5D3868FE25B7CEDB003EA41F /* LandmarkRow.swift in Sources */,
				5DBD525425BAC02C0034F02B /* CategoryHome.swift in Sources */,
				5DA6858F25BFD27400AF5CD8 /* FeatureCard.swift in Sources */,
				5DBD523025BA678A0034F02B /* HikeGraph.swift in Sources */,
				5D48161925B9779200DD8571 /* Badge.swift in Sources */,
				5D3868ED25B7C539003EA41F /* Lankmark.swift in Sources */,
				5DBD522F25BA678A0034F02B /* GraphCapsule.swift in Sources */,
				5D3868D925B7BB70003EA41F /* ContentView.swift in Sources */,
				5DA6859525C0065300AF5CD8 /* PageControl.swift in Sources */,
				5D38690325B7D3A8003EA41F /* LandmarkList.swift in Sources */,
				5DBD525A25BADD7B0034F02B /* CategoryItem.swift in Sources */,
				5DBD523125BA678A0034F02B /* HikeDetail.swift in Sources */,
				5DA6857F25BFA7EA00AF5CD8 /* ProfileSummary.swift in Sources */,
				5D48160C25B962AF00DD8571 /* HexagonParameters.swift in Sources */,
				5DA6857C25BFA63100AF5CD8 /* ProfileHost.swift in Sources */,
				5DBD522825BA63450034F02B /* Hike.swift in Sources */,
				5D48161625B9772C00DD8571 /* RotatedBadgeSymbol.swift in Sources */,
				5DA6859225BFD84200AF5CD8 /* PageView.swift in Sources */,
				5D48161325B976F300DD8571 /* BadgeSymbol.swift in Sources */,
				5DA6858725BFB8AB00AF5CD8 /* ProfileEditor.swift in Sources */,
				5D3868EA25B7BFA2003EA41F /* CircleImage.swift in Sources */,
				5DBD523225BA678A0034F02B /* HikeView.swift in Sources */,
				5D3868E725B7BD01003EA41F /* MapView.swift in Sources */,
				5DA6858B25BFCBC800AF5CD8 /* PageViewController.swift in Sources */,
				5D48160F25B969AC00DD8571 /* BadgeBackground.swift in Sources */,
				5DA6858225BFAA3D00AF5CD8 /* HikeBadge.swift in Sources */,
				5D38690625B7D682003EA41F /* LandmarkDetail.swift in Sources */,
				5D3868D725B7BB70003EA41F /* Day1App.swift in Sources */,
				5D3868F325B7C9B2003EA41F /* ModelData.swift in Sources */,
				5D48160725B9593900DD8571 /* FavoritesButton.swift in Sources */,
			);
			runOnlyForDeploymentPostprocessing = 0;
		};
/* End PBXSourcesBuildPhase section */

/* Begin XCBuildConfiguration section */
		5D3868E025B7BB71003EA41F /* Debug */ = {
			isa = XCBuildConfiguration;
			buildSettings = {
				ALWAYS_SEARCH_USER_PATHS = NO;
				CLANG_ANALYZER_NONNULL = YES;
				CLANG_ANALYZER_NUMBER_OBJECT_CONVERSION = YES_AGGRESSIVE;
				CLANG_CXX_LANGUAGE_STANDARD = "gnu++14";
				CLANG_CXX_LIBRARY = "libc++";
				CLANG_ENABLE_MODULES = YES;
				CLANG_ENABLE_OBJC_ARC = YES;
				CLANG_ENABLE_OBJC_WEAK = YES;
				CLANG_WARN_BLOCK_CAPTURE_AUTORELEASING = YES;
				CLANG_WARN_BOOL_CONVERSION = YES;
				CLANG_WARN_COMMA = YES;
				CLANG_WARN_CONSTANT_CONVERSION = YES;
				CLANG_WARN_DEPRECATED_OBJC_IMPLEMENTATIONS = YES;
				CLANG_WARN_DIRECT_OBJC_ISA_USAGE = YES_ERROR;
				CLANG_WARN_DOCUMENTATION_COMMENTS = YES;
				CLANG_WARN_EMPTY_BODY = YES;
				CLANG_WARN_ENUM_CONVERSION = YES;
				CLANG_WARN_INFINITE_RECURSION = YES;
				CLANG_WARN_INT_CONVERSION = YES;
				CLANG_WARN_NON_LITERAL_NULL_CONVERSION = YES;
				CLANG_WARN_OBJC_IMPLICIT_RETAIN_SELF = YES;
				CLANG_WARN_OBJC_LITERAL_CONVERSION = YES;
				CLANG_WARN_OBJC_ROOT_CLASS = YES_ERROR;
				CLANG_WARN_QUOTED_INCLUDE_IN_FRAMEWORK_HEADER = YES;
				CLANG_WARN_RANGE_LOOP_ANALYSIS = YES;
				CLANG_WARN_STRICT_PROTOTYPES = YES;
				CLANG_WARN_SUSPICIOUS_MOVE = YES;
				CLANG_WARN_UNGUARDED_AVAILABILITY = YES_AGGRESSIVE;
				CLANG_WARN_UNREACHABLE_CODE = YES;
				CLANG_WARN__DUPLICATE_METHOD_MATCH = YES;
				COPY_PHASE_STRIP = NO;
				DEBUG_INFORMATION_FORMAT = dwarf;
				ENABLE_STRICT_OBJC_MSGSEND = YES;
				ENABLE_TESTABILITY = YES;
				GCC_C_LANGUAGE_STANDARD = gnu11;
				GCC_DYNAMIC_NO_PIC = NO;
				GCC_NO_COMMON_BLOCKS = YES;
				GCC_OPTIMIZATION_LEVEL = 0;
				GCC_PREPROCESSOR_DEFINITIONS = (
					"DEBUG=1",
					"$(inherited)",
				);
				GCC_WARN_64_TO_32_BIT_CONVERSION = YES;
				GCC_WARN_ABOUT_RETURN_TYPE = YES_ERROR;
				GCC_WARN_UNDECLARED_SELECTOR = YES;
				GCC_WARN_UNINITIALIZED_AUTOS = YES_AGGRESSIVE;
				GCC_WARN_UNUSED_FUNCTION = YES;
				GCC_WARN_UNUSED_VARIABLE = YES;
				IPHONEOS_DEPLOYMENT_TARGET = 14.2;
				MTL_ENABLE_DEBUG_INFO = INCLUDE_SOURCE;
				MTL_FAST_MATH = YES;
				ONLY_ACTIVE_ARCH = YES;
				SDKROOT = iphoneos;
				SWIFT_ACTIVE_COMPILATION_CONDITIONS = DEBUG;
				SWIFT_OPTIMIZATION_LEVEL = "-Onone";
			};
			name = Debug;
		};
		5D3868E125B7BB71003EA41F /* Release */ = {
			isa = XCBuildConfiguration;
			buildSettings = {
				ALWAYS_SEARCH_USER_PATHS = NO;
				CLANG_ANALYZER_NONNULL = YES;
				CLANG_ANALYZER_NUMBER_OBJECT_CONVERSION = YES_AGGRESSIVE;
				CLANG_CXX_LANGUAGE_STANDARD = "gnu++14";
				CLANG_CXX_LIBRARY = "libc++";
				CLANG_ENABLE_MODULES = YES;
				CLANG_ENABLE_OBJC_ARC = YES;
				CLANG_ENABLE_OBJC_WEAK = YES;
				CLANG_WARN_BLOCK_CAPTURE_AUTORELEASING = YES;
				CLANG_WARN_BOOL_CONVERSION = YES;
				CLANG_WARN_COMMA = YES;
				CLANG_WARN_CONSTANT_CONVERSION = YES;
				CLANG_WARN_DEPRECATED_OBJC_IMPLEMENTATIONS = YES;
				CLANG_WARN_DIRECT_OBJC_ISA_USAGE = YES_ERROR;
				CLANG_WARN_DOCUMENTATION_COMMENTS = YES;
				CLANG_WARN_EMPTY_BODY = YES;
				CLANG_WARN_ENUM_CONVERSION = YES;
				CLANG_WARN_INFINITE_RECURSION = YES;
				CLANG_WARN_INT_CONVERSION = YES;
				CLANG_WARN_NON_LITERAL_NULL_CONVERSION = YES;
				CLANG_WARN_OBJC_IMPLICIT_RETAIN_SELF = YES;
				CLANG_WARN_OBJC_LITERAL_CONVERSION = YES;
				CLANG_WARN_OBJC_ROOT_CLASS = YES_ERROR;
				CLANG_WARN_QUOTED_INCLUDE_IN_FRAMEWORK_HEADER = YES;
				CLANG_WARN_RANGE_LOOP_ANALYSIS = YES;
				CLANG_WARN_STRICT_PROTOTYPES = YES;
				CLANG_WARN_SUSPICIOUS_MOVE = YES;
				CLANG_WARN_UNGUARDED_AVAILABILITY = YES_AGGRESSIVE;
				CLANG_WARN_UNREACHABLE_CODE = YES;
				CLANG_WARN__DUPLICATE_METHOD_MATCH = YES;
				COPY_PHASE_STRIP = NO;
				DEBUG_INFORMATION_FORMAT = "dwarf-with-dsym";
				ENABLE_NS_ASSERTIONS = NO;
				ENABLE_STRICT_OBJC_MSGSEND = YES;
				GCC_C_LANGUAGE_STANDARD = gnu11;
				GCC_NO_COMMON_BLOCKS = YES;
				GCC_WARN_64_TO_32_BIT_CONVERSION = YES;
				GCC_WARN_ABOUT_RETURN_TYPE = YES_ERROR;
				GCC_WARN_UNDECLARED_SELECTOR = YES;
				GCC_WARN_UNINITIALIZED_AUTOS = YES_AGGRESSIVE;
				GCC_WARN_UNUSED_FUNCTION = YES;
				GCC_WARN_UNUSED_VARIABLE = YES;
				IPHONEOS_DEPLOYMENT_TARGET = 14.2;
				MTL_ENABLE_DEBUG_INFO = NO;
				MTL_FAST_MATH = YES;
				SDKROOT = iphoneos;
				SWIFT_COMPILATION_MODE = wholemodule;
				SWIFT_OPTIMIZATION_LEVEL = "-O";
				VALIDATE_PRODUCT = YES;
			};
			name = Release;
		};
		5D3868E325B7BB71003EA41F /* Debug */ = {
			isa = XCBuildConfiguration;
			buildSettings = {
				ASSETCATALOG_COMPILER_APPICON_NAME = AppIcon;
				ASSETCATALOG_COMPILER_GLOBAL_ACCENT_COLOR_NAME = AccentColor;
				CODE_SIGN_STYLE = Automatic;
				DEVELOPMENT_ASSET_PATHS = "\"Day1/Preview Content\"";
				DEVELOPMENT_TEAM = EYADQULRBU;
				ENABLE_PREVIEWS = YES;
				INFOPLIST_FILE = Day1/Info.plist;
				IPHONEOS_DEPLOYMENT_TARGET = 14.0;
				LD_RUNPATH_SEARCH_PATHS = (
					"$(inherited)",
					"@executable_path/Frameworks",
				);
				PRODUCT_BUNDLE_IDENTIFIER = personal.Day1;
				PRODUCT_NAME = "$(TARGET_NAME)";
				SWIFT_VERSION = 5.0;
				TARGETED_DEVICE_FAMILY = "1,2";
			};
			name = Debug;
		};
		5D3868E425B7BB71003EA41F /* Release */ = {
			isa = XCBuildConfiguration;
			buildSettings = {
				ASSETCATALOG_COMPILER_APPICON_NAME = AppIcon;
				ASSETCATALOG_COMPILER_GLOBAL_ACCENT_COLOR_NAME = AccentColor;
				CODE_SIGN_STYLE = Automatic;
				DEVELOPMENT_ASSET_PATHS = "\"Day1/Preview Content\"";
				DEVELOPMENT_TEAM = EYADQULRBU;
				ENABLE_PREVIEWS = YES;
				INFOPLIST_FILE = Day1/Info.plist;
				IPHONEOS_DEPLOYMENT_TARGET = 14.0;
				LD_RUNPATH_SEARCH_PATHS = (
					"$(inherited)",
					"@executable_path/Frameworks",
				);
				PRODUCT_BUNDLE_IDENTIFIER = personal.Day1;
				PRODUCT_NAME = "$(TARGET_NAME)";
				SWIFT_VERSION = 5.0;
				TARGETED_DEVICE_FAMILY = "1,2";
			};
			name = Release;
		};
/* End XCBuildConfiguration section */

/* Begin XCConfigurationList section */
		5D3868CE25B7BB70003EA41F /* Build configuration list for PBXProject "Day1" */ = {
			isa = XCConfigurationList;
			buildConfigurations = (
				5D3868E025B7BB71003EA41F /* Debug */,
				5D3868E125B7BB71003EA41F /* Release */,
			);
			defaultConfigurationIsVisible = 0;
			defaultConfigurationName = Release;
		};
		5D3868E225B7BB71003EA41F /* Build configuration list for PBXNativeTarget "Day1" */ = {
			isa = XCConfigurationList;
			buildConfigurations = (
				5D3868E325B7BB71003EA41F /* Debug */,
				5D3868E425B7BB71003EA41F /* Release */,
			);
			defaultConfigurationIsVisible = 0;
			defaultConfigurationName = Release;
		};
/* End XCConfigurationList section */
	};
	rootObject = 5D3868CB25B7BB70003EA41F /* Project object */;
}
